
Microsoft Visual Studio Solution File, Format Version 12.00
# Visual Studio 15
VisualStudioVersion = 15.0.26430.6
MinimumVisualStudioVersion = 10.0.40219.1
Project("{FAE04EC0-301F-11D3-BF4B-00C04F79EFBC}") = "Aula_01_Atividade_02", "Aula_01_Atividade_02\Aula_01_Atividade_02.csproj", "{F18E819C-67A7-4BD4-B79E-4528661082C0}"
EndProject
Project("{FAE04EC0-301F-11D3-BF4B-00C04F79EFBC}") = "Aula_02_Atividade_02", "Aula_02_Atividade_02\Aula_02_Atividade_02.csproj", "{0C639752-0994-46E4-BD0C-12BF12748D92}"
EndProject
Project("{FAE04EC0-301F-11D3-BF4B-00C04F79EFBC}") = "Aula_03_Atividade_06", "Aula_03_Atividade_06\Aula_03_Atividade_06.csproj", "{D7625A72-6761-49EA-90A1-85D6A30E02E0}"
EndProject
Project("{FAE04EC0-301F-11D3-BF4B-00C04F79EFBC}") = "Aula_03_Atividade_07", "Aula_03_Atividade_07\Aula_03_Atividade_07.csproj", "{5575FEF5-E07A-43FD-AD87-363CD06D3A54}"
EndProject
Project("{FAE04EC0-301F-11D3-BF4B-00C04F79EFBC}") = "Aula_04_Atividade_02", "Aula_04_Atividade_02\Aula_04_Atividade_02.csproj", "{3EF41B03-A806-47AC-9A28-20D2EF1A0966}"
EndProject
Project("{FAE04EC0-301F-11D3-BF4B-00C04F79EFBC}") = "Aula_04_Atividade_05", "Aula_04_Atividade_05\Aula_04_Atividade_05.csproj", "{51D63B11-2CA0-4A25-8433-4485B7401AC5}"
EndProject
Project("{FAE04EC0-301F-11D3-BF4B-00C04F79EFBC}") = "Aula_04_Atividade_06", "Aula_04_Atividade_06\Aula_04_Atividade_06.csproj", "{1B32C43F-E86D-409D-9BB9-9827D951B78C}"
EndProject
Project("{FAE04EC0-301F-11D3-BF4B-00C04F79EFBC}") = "Aula_04_Atividade_07", "Aula_04_Atividade_07\Aula_04_Atividade_07.csproj", "{62C405EC-3B10-4D4A-AB86-7781EF1289BC}"
EndProject
Project("{FAE04EC0-301F-11D3-BF4B-00C04F79EFBC}") = "Aula_05_Atividade_02", "Aula_05_Atividade_02\Aula_05_Atividade_02.csproj", "{C8101E97-4BD3-4F39-AA17-953C723FC5FE}"
EndProject
Project("{FAE04EC0-301F-11D3-BF4B-00C04F79EFBC}") = "Aula_06_Atividade_02", "Aula_06_Atividade_02\Aula_06_Atividade_02.csproj", "{A06EDEF0-2ECA-4C4C-8DE6-0052CC368A6A}"
EndProject
Project("{FAE04EC0-301F-11D3-BF4B-00C04F79EFBC}") = "Aula_06_Atividade_05", "Aula_06_Atividade_05\Aula_06_Atividade_05.csproj", "{83E2EC1E-6AD1-4B77-AF16-3438C41CB825}"
EndProject
Project("{FAE04EC0-301F-11D3-BF4B-00C04F79EFBC}") = "Aula_06_Atividade_11", "Aula_06_Atividade_11\Aula_06_Atividade_11.csproj", "{660132B2-7F72-49D6-AFB8-C739DBF4A733}"
EndProject
Project("{FAE04EC0-301F-11D3-BF4B-00C04F79EFBC}") = "Aula_07_Atividade_02", "Aula_07_Atividade_02\Aula_07_Atividade_02.csproj", "{545B8A0E-F14A-468E-B802-2A79E8DB81A3}"
EndProject
Project("{FAE04EC0-301F-11D3-BF4B-00C04F79EFBC}") = "Aula_08_Atividade_02", "Aula_08_Atividade_02\Aula_08_Atividade_02.csproj", "{F9E3B0D7-2A56-4325-9259-E67581B2F76A}"
EndProject
Project("{FAE04EC0-301F-11D3-BF4B-00C04F79EFBC}") = "Aula_08_Atividade_03", "Aula_08_Atividade_03\Aula_08_Atividade_03.csproj", "{B2C85372-1F03-42C6-8EBE-9592D0844F91}"
EndProject
Project("{FAE04EC0-301F-11D3-BF4B-00C04F79EFBC}") = "Aula_08_Atividade_04", "Aula_08_Atividade_04\Aula_08_Atividade_04.csproj", "{48623FE2-9F26-46F4-88F0-58145574A900}"
EndProject
Project("{FAE04EC0-301F-11D3-BF4B-00C04F79EFBC}") = "Aula_08_Atividade_05", "Aula_08_Atividade_05\Aula_08_Atividade_05.csproj", "{CC4BE246-D3BB-4CBB-9233-FC4ADA9C4F9F}"
EndProject
Project("{FAE04EC0-301F-11D3-BF4B-00C04F79EFBC}") = "Aula_08_Atividade_06", "Aula_08_Atividade_06\Aula_08_Atividade_06.csproj", "{3296ACA9-6BCC-4865-BA17-6EAE43DE6E8D}"
EndProject
Project("{FAE04EC0-301F-11D3-BF4B-00C04F79EFBC}") = "Aula_08_Atividade_07", "Aula_08_Atividade_07\Aula_08_Atividade_07.csproj", "{2567EB6B-A78F-4C94-88F1-FF6BFDBBCAF2}"
EndProject
Project("{FAE04EC0-301F-11D3-BF4B-00C04F79EFBC}") = "Aula_09_Atividade_02", "Aula_09_Atividade_02\Aula_09_Atividade_02.csproj", "{1656875F-1469-4C8E-AA5C-CC07EBBE1298}"
EndProject
Project("{FAE04EC0-301F-11D3-BF4B-00C04F79EFBC}") = "Aula_09_Atividade_04", "Aula_09_Atividade_04\Aula_09_Atividade_04.csproj", "{478A3D3D-51A6-4E68-9263-C88A714966DD}"
EndProject
Project("{FAE04EC0-301F-11D3-BF4B-00C04F79EFBC}") = "Aula_09_Atividade_07", "Aula_09_Atividade_07\Aula_09_Atividade_07.csproj", "{EE6762FD-2C62-4AD4-BABA-B51397F3D725}"
EndProject
Project("{FAE04EC0-301F-11D3-BF4B-00C04F79EFBC}") = "Aula_10_Atividade_02", "Aula_10_Atividade_02\Aula_10_Atividade_02.csproj", "{F4AED6A2-4EF9-48AB-8B99-AEFD82EE09C2}"
EndProject
Global
	GlobalSection(SolutionConfigurationPlatforms) = preSolution
		Debug|Any CPU = Debug|Any CPU
		Release|Any CPU = Release|Any CPU
	EndGlobalSection
	GlobalSection(ProjectConfigurationPlatforms) = postSolution
		{F18E819C-67A7-4BD4-B79E-4528661082C0}.Debug|Any CPU.ActiveCfg = Debug|Any CPU
		{F18E819C-67A7-4BD4-B79E-4528661082C0}.Debug|Any CPU.Build.0 = Debug|Any CPU
		{F18E819C-67A7-4BD4-B79E-4528661082C0}.Release|Any CPU.ActiveCfg = Release|Any CPU
		{F18E819C-67A7-4BD4-B79E-4528661082C0}.Release|Any CPU.Build.0 = Release|Any CPU
		{0C639752-0994-46E4-BD0C-12BF12748D92}.Debug|Any CPU.ActiveCfg = Debug|Any CPU
		{0C639752-0994-46E4-BD0C-12BF12748D92}.Debug|Any CPU.Build.0 = Debug|Any CPU
		{0C639752-0994-46E4-BD0C-12BF12748D92}.Release|Any CPU.ActiveCfg = Release|Any CPU
		{0C639752-0994-46E4-BD0C-12BF12748D92}.Release|Any CPU.Build.0 = Release|Any CPU
		{D7625A72-6761-49EA-90A1-85D6A30E02E0}.Debug|Any CPU.ActiveCfg = Debug|Any CPU
		{D7625A72-6761-49EA-90A1-85D6A30E02E0}.Debug|Any CPU.Build.0 = Debug|Any CPU
		{D7625A72-6761-49EA-90A1-85D6A30E02E0}.Release|Any CPU.ActiveCfg = Release|Any CPU
		{D7625A72-6761-49EA-90A1-85D6A30E02E0}.Release|Any CPU.Build.0 = Release|Any CPU
		{5575FEF5-E07A-43FD-AD87-363CD06D3A54}.Debug|Any CPU.ActiveCfg = Debug|Any CPU
		{5575FEF5-E07A-43FD-AD87-363CD06D3A54}.Debug|Any CPU.Build.0 = Debug|Any CPU
		{5575FEF5-E07A-43FD-AD87-363CD06D3A54}.Release|Any CPU.ActiveCfg = Release|Any CPU
		{5575FEF5-E07A-43FD-AD87-363CD06D3A54}.Release|Any CPU.Build.0 = Release|Any CPU
		{3EF41B03-A806-47AC-9A28-20D2EF1A0966}.Debug|Any CPU.ActiveCfg = Debug|Any CPU
		{3EF41B03-A806-47AC-9A28-20D2EF1A0966}.Debug|Any CPU.Build.0 = Debug|Any CPU
		{3EF41B03-A806-47AC-9A28-20D2EF1A0966}.Release|Any CPU.ActiveCfg = Release|Any CPU
		{3EF41B03-A806-47AC-9A28-20D2EF1A0966}.Release|Any CPU.Build.0 = Release|Any CPU
		{51D63B11-2CA0-4A25-8433-4485B7401AC5}.Debug|Any CPU.ActiveCfg = Debug|Any CPU
		{51D63B11-2CA0-4A25-8433-4485B7401AC5}.Debug|Any CPU.Build.0 = Debug|Any CPU
		{51D63B11-2CA0-4A25-8433-4485B7401AC5}.Release|Any CPU.ActiveCfg = Release|Any CPU
		{51D63B11-2CA0-4A25-8433-4485B7401AC5}.Release|Any CPU.Build.0 = Release|Any CPU
		{1B32C43F-E86D-409D-9BB9-9827D951B78C}.Debug|Any CPU.ActiveCfg = Debug|Any CPU
		{1B32C43F-E86D-409D-9BB9-9827D951B78C}.Debug|Any CPU.Build.0 = Debug|Any CPU
		{1B32C43F-E86D-409D-9BB9-9827D951B78C}.Release|Any CPU.ActiveCfg = Release|Any CPU
		{1B32C43F-E86D-409D-9BB9-9827D951B78C}.Release|Any CPU.Build.0 = Release|Any CPU
		{62C405EC-3B10-4D4A-AB86-7781EF1289BC}.Debug|Any CPU.ActiveCfg = Debug|Any CPU
		{62C405EC-3B10-4D4A-AB86-7781EF1289BC}.Debug|Any CPU.Build.0 = Debug|Any CPU
		{62C405EC-3B10-4D4A-AB86-7781EF1289BC}.Release|Any CPU.ActiveCfg = Release|Any CPU
		{62C405EC-3B10-4D4A-AB86-7781EF1289BC}.Release|Any CPU.Build.0 = Release|Any CPU
		{C8101E97-4BD3-4F39-AA17-953C723FC5FE}.Debug|Any CPU.ActiveCfg = Debug|Any CPU
		{C8101E97-4BD3-4F39-AA17-953C723FC5FE}.Debug|Any CPU.Build.0 = Debug|Any CPU
		{C8101E97-4BD3-4F39-AA17-953C723FC5FE}.Release|Any CPU.ActiveCfg = Release|Any CPU
		{C8101E97-4BD3-4F39-AA17-953C723FC5FE}.Release|Any CPU.Build.0 = Release|Any CPU
		{A06EDEF0-2ECA-4C4C-8DE6-0052CC368A6A}.Debug|Any CPU.ActiveCfg = Debug|Any CPU
		{A06EDEF0-2ECA-4C4C-8DE6-0052CC368A6A}.Debug|Any CPU.Build.0 = Debug|Any CPU
		{A06EDEF0-2ECA-4C4C-8DE6-0052CC368A6A}.Release|Any CPU.ActiveCfg = Release|Any CPU
		{A06EDEF0-2ECA-4C4C-8DE6-0052CC368A6A}.Release|Any CPU.Build.0 = Release|Any CPU
		{83E2EC1E-6AD1-4B77-AF16-3438C41CB825}.Debug|Any CPU.ActiveCfg = Debug|Any CPU
		{83E2EC1E-6AD1-4B77-AF16-3438C41CB825}.Debug|Any CPU.Build.0 = Debug|Any CPU
		{83E2EC1E-6AD1-4B77-AF16-3438C41CB825}.Release|Any CPU.ActiveCfg = Release|Any CPU
		{83E2EC1E-6AD1-4B77-AF16-3438C41CB825}.Release|Any CPU.Build.0 = Release|Any CPU
		{660132B2-7F72-49D6-AFB8-C739DBF4A733}.Debug|Any CPU.ActiveCfg = Debug|Any CPU
		{660132B2-7F72-49D6-AFB8-C739DBF4A733}.Debug|Any CPU.Build.0 = Debug|Any CPU
		{660132B2-7F72-49D6-AFB8-C739DBF4A733}.Release|Any CPU.ActiveCfg = Release|Any CPU
		{660132B2-7F72-49D6-AFB8-C739DBF4A733}.Release|Any CPU.Build.0 = Release|Any CPU
		{545B8A0E-F14A-468E-B802-2A79E8DB81A3}.Debug|Any CPU.ActiveCfg = Debug|Any CPU
		{545B8A0E-F14A-468E-B802-2A79E8DB81A3}.Debug|Any CPU.Build.0 = Debug|Any CPU
		{545B8A0E-F14A-468E-B802-2A79E8DB81A3}.Release|Any CPU.ActiveCfg = Release|Any CPU
		{545B8A0E-F14A-468E-B802-2A79E8DB81A3}.Release|Any CPU.Build.0 = Release|Any CPU
		{F9E3B0D7-2A56-4325-9259-E67581B2F76A}.Debug|Any CPU.ActiveCfg = Debug|Any CPU
		{F9E3B0D7-2A56-4325-9259-E67581B2F76A}.Debug|Any CPU.Build.0 = Debug|Any CPU
		{F9E3B0D7-2A56-4325-9259-E67581B2F76A}.Release|Any CPU.ActiveCfg = Release|Any CPU
		{F9E3B0D7-2A56-4325-9259-E67581B2F76A}.Release|Any CPU.Build.0 = Release|Any CPU
		{B2C85372-1F03-42C6-8EBE-9592D0844F91}.Debug|Any CPU.ActiveCfg = Debug|Any CPU
		{B2C85372-1F03-42C6-8EBE-9592D0844F91}.Debug|Any CPU.Build.0 = Debug|Any CPU
		{B2C85372-1F03-42C6-8EBE-9592D0844F91}.Release|Any CPU.ActiveCfg = Release|Any CPU
		{B2C85372-1F03-42C6-8EBE-9592D0844F91}.Release|Any CPU.Build.0 = Release|Any CPU
		{48623FE2-9F26-46F4-88F0-58145574A900}.Debug|Any CPU.ActiveCfg = Debug|Any CPU
		{48623FE2-9F26-46F4-88F0-58145574A900}.Debug|Any CPU.Build.0 = Debug|Any CPU
		{48623FE2-9F26-46F4-88F0-58145574A900}.Release|Any CPU.ActiveCfg = Release|Any CPU
		{48623FE2-9F26-46F4-88F0-58145574A900}.Release|Any CPU.Build.0 = Release|Any CPU
		{CC4BE246-D3BB-4CBB-9233-FC4ADA9C4F9F}.Debug|Any CPU.ActiveCfg = Debug|Any CPU
		{CC4BE246-D3BB-4CBB-9233-FC4ADA9C4F9F}.Debug|Any CPU.Build.0 = Debug|Any CPU
		{CC4BE246-D3BB-4CBB-9233-FC4ADA9C4F9F}.Release|Any CPU.ActiveCfg = Release|Any CPU
		{CC4BE246-D3BB-4CBB-9233-FC4ADA9C4F9F}.Release|Any CPU.Build.0 = Release|Any CPU
		{3296ACA9-6BCC-4865-BA17-6EAE43DE6E8D}.Debug|Any CPU.ActiveCfg = Debug|Any CPU
		{3296ACA9-6BCC-4865-BA17-6EAE43DE6E8D}.Debug|Any CPU.Build.0 = Debug|Any CPU
		{3296ACA9-6BCC-4865-BA17-6EAE43DE6E8D}.Release|Any CPU.ActiveCfg = Release|Any CPU
		{3296ACA9-6BCC-4865-BA17-6EAE43DE6E8D}.Release|Any CPU.Build.0 = Release|Any CPU
		{2567EB6B-A78F-4C94-88F1-FF6BFDBBCAF2}.Debug|Any CPU.ActiveCfg = Debug|Any CPU
		{2567EB6B-A78F-4C94-88F1-FF6BFDBBCAF2}.Debug|Any CPU.Build.0 = Debug|Any CPU
		{2567EB6B-A78F-4C94-88F1-FF6BFDBBCAF2}.Release|Any CPU.ActiveCfg = Release|Any CPU
		{2567EB6B-A78F-4C94-88F1-FF6BFDBBCAF2}.Release|Any CPU.Build.0 = Release|Any CPU
		{1656875F-1469-4C8E-AA5C-CC07EBBE1298}.Debug|Any CPU.ActiveCfg = Debug|Any CPU
		{1656875F-1469-4C8E-AA5C-CC07EBBE1298}.Debug|Any CPU.Build.0 = Debug|Any CPU
		{1656875F-1469-4C8E-AA5C-CC07EBBE1298}.Release|Any CPU.ActiveCfg = Release|Any CPU
		{1656875F-1469-4C8E-AA5C-CC07EBBE1298}.Release|Any CPU.Build.0 = Release|Any CPU
		{478A3D3D-51A6-4E68-9263-C88A714966DD}.Debug|Any CPU.ActiveCfg = Debug|Any CPU
		{478A3D3D-51A6-4E68-9263-C88A714966DD}.Debug|Any CPU.Build.0 = Debug|Any CPU
		{478A3D3D-51A6-4E68-9263-C88A714966DD}.Release|Any CPU.ActiveCfg = Release|Any CPU
		{478A3D3D-51A6-4E68-9263-C88A714966DD}.Release|Any CPU.Build.0 = Release|Any CPU
		{EE6762FD-2C62-4AD4-BABA-B51397F3D725}.Debug|Any CPU.ActiveCfg = Debug|Any CPU
		{EE6762FD-2C62-4AD4-BABA-B51397F3D725}.Debug|Any CPU.Build.0 = Debug|Any CPU
		{EE6762FD-2C62-4AD4-BABA-B51397F3D725}.Release|Any CPU.ActiveCfg = Release|Any CPU
		{EE6762FD-2C62-4AD4-BABA-B51397F3D725}.Release|Any CPU.Build.0 = Release|Any CPU
		{F4AED6A2-4EF9-48AB-8B99-AEFD82EE09C2}.Debug|Any CPU.ActiveCfg = Debug|Any CPU
		{F4AED6A2-4EF9-48AB-8B99-AEFD82EE09C2}.Debug|Any CPU.Build.0 = Debug|Any CPU
		{F4AED6A2-4EF9-48AB-8B99-AEFD82EE09C2}.Release|Any CPU.ActiveCfg = Release|Any CPU
		{F4AED6A2-4EF9-48AB-8B99-AEFD82EE09C2}.Release|Any CPU.Build.0 = Release|Any CPU
	EndGlobalSection
	GlobalSection(SolutionProperties) = preSolution
		HideSolutionNode = FALSE
	EndGlobalSection
EndGlobal
